
Microsoft Visual Studio Solution File, Format Version 12.00
# Visual Studio Version 17
VisualStudioVersion = 17.1.32120.378
MinimumVisualStudioVersion = 10.0.40219.1
Project("{FAE04EC0-301F-11D3-BF4B-00C04F79EFBC}") = "BagGomla", "BagGomla\BagGomla.csproj", "{DD14529C-A2C8-4DCF-A649-C7F404185419}"
	ProjectSection(ProjectDependencies) = postProject
		{1FB8EB5C-516F-4F65-B484-86EC905A4E68} = {1FB8EB5C-516F-4F65-B484-86EC905A4E68}
	EndProjectSection
EndProject
Project("{FAE04EC0-301F-11D3-BF4B-00C04F79EFBC}") = "IdentityLibrary", "IdentityLibrary\IdentityLibrary.csproj", "{1FB8EB5C-516F-4F65-B484-86EC905A4E68}"
EndProject
Global
	GlobalSection(SolutionConfigurationPlatforms) = preSolution
		Debug|Any CPU = Debug|Any CPU
		Release|Any CPU = Release|Any CPU
	EndGlobalSection
	GlobalSection(ProjectConfigurationPlatforms) = postSolution
		{DD14529C-A2C8-4DCF-A649-C7F404185419}.Debug|Any CPU.ActiveCfg = Debug|Any CPU
		{DD14529C-A2C8-4DCF-A649-C7F404185419}.Debug|Any CPU.Build.0 = Debug|Any CPU
		{DD14529C-A2C8-4DCF-A649-C7F404185419}.Release|Any CPU.ActiveCfg = Release|Any CPU
		{DD14529C-A2C8-4DCF-A649-C7F404185419}.Release|Any CPU.Build.0 = Release|Any CPU
		{1FB8EB5C-516F-4F65-B484-86EC905A4E68}.Debug|Any CPU.ActiveCfg = Debug|Any CPU
		{1FB8EB5C-516F-4F65-B484-86EC905A4E68}.Debug|Any CPU.Build.0 = Debug|Any CPU
		{1FB8EB5C-516F-4F65-B484-86EC905A4E68}.Release|Any CPU.ActiveCfg = Release|Any CPU
		{1FB8EB5C-516F-4F65-B484-86EC905A4E68}.Release|Any CPU.Build.0 = Release|Any CPU
	EndGlobalSection
	GlobalSection(SolutionProperties) = preSolution
		HideSolutionNode = FALSE
	EndGlobalSection
	GlobalSection(ExtensibilityGlobals) = postSolution
		SolutionGuid = {A767F739-B049-482A-910D-26AB98315E68}
	EndGlobalSection
EndGlobal
